schema: '2.0'
stages:
  data_ingestion:
    cmd: python src/ChickenDiseaseClassification/pipeline/stage_01_data_ingestion.py
    deps:
    - path: config/config.yaml
      hash: md5
      md5: f25116730cb04e7cd6332f79fca37fb5
      size: 820
    - path: src/ChickenDiseaseClassification/pipeline/stage_01_data_ingestion.py
      hash: md5
      md5: db16b0821c1710bd97e389ff4c6e9d8d
      size: 918
    outs:
    - path: artifacts/data_ingestion/Chicken-fecal-images
      hash: md5
      md5: 9e1f8dd2eae3c29e9d635df89d438ae4.dir
      size: 12207807
      nfiles: 390
  prepare_base_model:
    cmd: python src/ChickenDiseaseClassification/pipeline/stage_02_prepare_base_model.py
    deps:
    - path: config/config.yaml
      hash: md5
      md5: f25116730cb04e7cd6332f79fca37fb5
      size: 820
    - path: src/ChickenDiseaseClassification/pipeline/stage_02_prepare_base_model.py
      hash: md5
      md5: 8c440270de91d2cc57b12c21bcc4d89a
      size: 1036
    params:
      params.yaml:
        CLASSES: 2
        IMAGE_SIZE:
        - 224
        - 224
        - 3
        INCLUDE_TOP: false
        LEARNING_RATE: 0.01
        WEIGHTS: imagenet
    outs:
    - path: artifacts/prepare_base_model
      hash: md5
      md5: 2e06f682d3f4b28773be56911d47c67a.dir
      size: 118054560
      nfiles: 2
  training:
    cmd: python src/ChickenDiseaseClassification/pipeline/stage_03_training.py
    deps:
    - path: artifacts/data_ingestion/Chicken-fecal-images
      hash: md5
      md5: 9e1f8dd2eae3c29e9d635df89d438ae4.dir
      size: 12207807
      nfiles: 390
    - path: artifacts/prepare_base_model
      hash: md5
      md5: 2e06f682d3f4b28773be56911d47c67a.dir
      size: 118054560
      nfiles: 2
    - path: config/config.yaml
      hash: md5
      md5: f25116730cb04e7cd6332f79fca37fb5
      size: 820
    - path: src/ChickenDiseaseClassification/components/prepare_callbacks.py
      hash: md5
      md5: 352aa74495f2f31093a533e56a186161
      size: 1021
    - path: src/ChickenDiseaseClassification/pipeline/stage_03_training.py
      hash: md5
      md5: 51f6c88ad86305a9f9533eccb577e288
      size: 1326
    params:
      params.yaml:
        AUGMENTATION: true
        BATCH_SIZE: 16
        EPOCHS: 3
        IMAGE_SIZE:
        - 224
        - 224
        - 3
    outs:
    - path: artifacts/training/model.h5
      hash: md5
      md5: 4392ce5e322344f750d1768a939a56cc
      size: 59337520
  evaluation:
    cmd: python src/ChickenDiseaseClassification/pipeline/stage_04_evaluation.py
    deps:
    - path: artifacts/data_ingestion/Chicken-fecal-images
      hash: md5
      md5: 9e1f8dd2eae3c29e9d635df89d438ae4.dir
      size: 12207807
      nfiles: 390
    - path: artifacts/training/model.h5
      hash: md5
      md5: 4392ce5e322344f750d1768a939a56cc
      size: 59337520
    - path: config/config.yaml
      hash: md5
      md5: f25116730cb04e7cd6332f79fca37fb5
      size: 820
    - path: src/ChickenDiseaseClassification/pipeline/stage_04_evaluation.py
      hash: md5
      md5: bab35b9a2cce5d2682cc44185d00e147
      size: 968
    params:
      params.yaml:
        BATCH_SIZE: 16
        IMAGE_SIZE:
        - 224
        - 224
        - 3
    outs:
    - path: scores.json
      hash: md5
      md5: 5220bd12d8f241c8c9a5ef2196d0ce5d
      size: 72
